
Microsoft Visual Studio Solution File, Format Version 12.00
# Visual Studio Version 16
VisualStudioVersion = 16.0.30114.105
MinimumVisualStudioVersion = 10.0.40219.1
Project("{FAE04EC0-301F-11D3-BF4B-00C04F79EFBC}") = "exercice8", "exercice8\exercice8.csproj", "{0F1321EA-DB1F-4113-AFD7-6E0F1BF56218}"
EndProject
Global
	GlobalSection(SolutionConfigurationPlatforms) = preSolution
		Debug|Any CPU = Debug|Any CPU
		Release|Any CPU = Release|Any CPU
	EndGlobalSection
	GlobalSection(ProjectConfigurationPlatforms) = postSolution
		{0F1321EA-DB1F-4113-AFD7-6E0F1BF56218}.Debug|Any CPU.ActiveCfg = Debug|Any CPU
		{0F1321EA-DB1F-4113-AFD7-6E0F1BF56218}.Debug|Any CPU.Build.0 = Debug|Any CPU
		{0F1321EA-DB1F-4113-AFD7-6E0F1BF56218}.Release|Any CPU.ActiveCfg = Release|Any CPU
		{0F1321EA-DB1F-4113-AFD7-6E0F1BF56218}.Release|Any CPU.Build.0 = Release|Any CPU
	EndGlobalSection
	GlobalSection(SolutionProperties) = preSolution
		HideSolutionNode = FALSE
	EndGlobalSection
	GlobalSection(ExtensibilityGlobals) = postSolution
		SolutionGuid = {9C420170-181F-49DE-B6F1-1A3E04FE04DF}
	EndGlobalSection
EndGlobal
