
Microsoft Visual Studio Solution File, Format Version 12.00
# Visual Studio Version 16
VisualStudioVersion = 16.0.30114.105
MinimumVisualStudioVersion = 10.0.40219.1
Project("{FAE04EC0-301F-11D3-BF4B-00C04F79EFBC}") = "Tp1_Projet", "Tp1_Projet\Tp1_Projet.csproj", "{4029D092-4565-45A5-8C5B-2FEF9E62887C}"
EndProject
Global
	GlobalSection(SolutionConfigurationPlatforms) = preSolution
		Debug|Any CPU = Debug|Any CPU
		Release|Any CPU = Release|Any CPU
	EndGlobalSection
	GlobalSection(ProjectConfigurationPlatforms) = postSolution
		{4029D092-4565-45A5-8C5B-2FEF9E62887C}.Debug|Any CPU.ActiveCfg = Debug|Any CPU
		{4029D092-4565-45A5-8C5B-2FEF9E62887C}.Debug|Any CPU.Build.0 = Debug|Any CPU
		{4029D092-4565-45A5-8C5B-2FEF9E62887C}.Release|Any CPU.ActiveCfg = Release|Any CPU
		{4029D092-4565-45A5-8C5B-2FEF9E62887C}.Release|Any CPU.Build.0 = Release|Any CPU
	EndGlobalSection
	GlobalSection(SolutionProperties) = preSolution
		HideSolutionNode = FALSE
	EndGlobalSection
	GlobalSection(ExtensibilityGlobals) = postSolution
		SolutionGuid = {D35F0B48-CE29-4F11-BA1C-4104B1CA9052}
	EndGlobalSection
EndGlobal
