
Microsoft Visual Studio Solution File, Format Version 12.00
# Visual Studio Version 16
VisualStudioVersion = 16.0.30114.105
MinimumVisualStudioVersion = 10.0.40219.1
Project("{FAE04EC0-301F-11D3-BF4B-00C04F79EFBC}") = "Calculatrice", "Calculatrice\Calculatrice.csproj", "{0AA09159-1D5E-4EFA-8C92-18752AC7F380}"
EndProject
Project("{8BC9CEB8-8B4A-11D0-8D11-00A0C91BC942}") = "DllCalculatriceV1.0", "DllCalculatriceV1.0\DllCalculatriceV1.0.vcxproj", "{17D92441-72EF-408A-9A02-AE6F4003269C}"
EndProject
Project("{FAE04EC0-301F-11D3-BF4B-00C04F79EFBC}") = "CalculatriceTests", "CalculatriceTests\CalculatriceTests.csproj", "{669A3F48-C945-4609-9EA6-6B9E4C03E6A7}"
EndProject
Global
	GlobalSection(SolutionConfigurationPlatforms) = preSolution
		Debug|Any CPU = Debug|Any CPU
		Debug|x64 = Debug|x64
		Debug|x86 = Debug|x86
		Release|Any CPU = Release|Any CPU
		Release|x64 = Release|x64
		Release|x86 = Release|x86
	EndGlobalSection
	GlobalSection(ProjectConfigurationPlatforms) = postSolution
		{0AA09159-1D5E-4EFA-8C92-18752AC7F380}.Debug|Any CPU.ActiveCfg = Debug|Any CPU
		{0AA09159-1D5E-4EFA-8C92-18752AC7F380}.Debug|Any CPU.Build.0 = Debug|Any CPU
		{0AA09159-1D5E-4EFA-8C92-18752AC7F380}.Debug|x64.ActiveCfg = Debug|Any CPU
		{0AA09159-1D5E-4EFA-8C92-18752AC7F380}.Debug|x64.Build.0 = Debug|Any CPU
		{0AA09159-1D5E-4EFA-8C92-18752AC7F380}.Debug|x86.ActiveCfg = Debug|Any CPU
		{0AA09159-1D5E-4EFA-8C92-18752AC7F380}.Debug|x86.Build.0 = Debug|Any CPU
		{0AA09159-1D5E-4EFA-8C92-18752AC7F380}.Release|Any CPU.ActiveCfg = Release|Any CPU
		{0AA09159-1D5E-4EFA-8C92-18752AC7F380}.Release|Any CPU.Build.0 = Release|Any CPU
		{0AA09159-1D5E-4EFA-8C92-18752AC7F380}.Release|x64.ActiveCfg = Release|Any CPU
		{0AA09159-1D5E-4EFA-8C92-18752AC7F380}.Release|x64.Build.0 = Release|Any CPU
		{0AA09159-1D5E-4EFA-8C92-18752AC7F380}.Release|x86.ActiveCfg = Release|Any CPU
		{0AA09159-1D5E-4EFA-8C92-18752AC7F380}.Release|x86.Build.0 = Release|Any CPU
		{17D92441-72EF-408A-9A02-AE6F4003269C}.Debug|Any CPU.ActiveCfg = Debug|Win32
		{17D92441-72EF-408A-9A02-AE6F4003269C}.Debug|x64.ActiveCfg = Debug|x64
		{17D92441-72EF-408A-9A02-AE6F4003269C}.Debug|x64.Build.0 = Debug|x64
		{17D92441-72EF-408A-9A02-AE6F4003269C}.Debug|x86.ActiveCfg = Debug|Win32
		{17D92441-72EF-408A-9A02-AE6F4003269C}.Debug|x86.Build.0 = Debug|Win32
		{17D92441-72EF-408A-9A02-AE6F4003269C}.Release|Any CPU.ActiveCfg = Release|Win32
		{17D92441-72EF-408A-9A02-AE6F4003269C}.Release|x64.ActiveCfg = Release|x64
		{17D92441-72EF-408A-9A02-AE6F4003269C}.Release|x64.Build.0 = Release|x64
		{17D92441-72EF-408A-9A02-AE6F4003269C}.Release|x86.ActiveCfg = Release|Win32
		{17D92441-72EF-408A-9A02-AE6F4003269C}.Release|x86.Build.0 = Release|Win32
		{669A3F48-C945-4609-9EA6-6B9E4C03E6A7}.Debug|Any CPU.ActiveCfg = Debug|Any CPU
		{669A3F48-C945-4609-9EA6-6B9E4C03E6A7}.Debug|Any CPU.Build.0 = Debug|Any CPU
		{669A3F48-C945-4609-9EA6-6B9E4C03E6A7}.Debug|x64.ActiveCfg = Debug|Any CPU
		{669A3F48-C945-4609-9EA6-6B9E4C03E6A7}.Debug|x64.Build.0 = Debug|Any CPU
		{669A3F48-C945-4609-9EA6-6B9E4C03E6A7}.Debug|x86.ActiveCfg = Debug|Any CPU
		{669A3F48-C945-4609-9EA6-6B9E4C03E6A7}.Debug|x86.Build.0 = Debug|Any CPU
		{669A3F48-C945-4609-9EA6-6B9E4C03E6A7}.Release|Any CPU.ActiveCfg = Release|Any CPU
		{669A3F48-C945-4609-9EA6-6B9E4C03E6A7}.Release|Any CPU.Build.0 = Release|Any CPU
		{669A3F48-C945-4609-9EA6-6B9E4C03E6A7}.Release|x64.ActiveCfg = Release|Any CPU
		{669A3F48-C945-4609-9EA6-6B9E4C03E6A7}.Release|x64.Build.0 = Release|Any CPU
		{669A3F48-C945-4609-9EA6-6B9E4C03E6A7}.Release|x86.ActiveCfg = Release|Any CPU
		{669A3F48-C945-4609-9EA6-6B9E4C03E6A7}.Release|x86.Build.0 = Release|Any CPU
	EndGlobalSection
	GlobalSection(SolutionProperties) = preSolution
		HideSolutionNode = FALSE
	EndGlobalSection
	GlobalSection(ExtensibilityGlobals) = postSolution
		SolutionGuid = {D78065C6-5A2B-4C5A-81A1-8F31D3D2C373}
	EndGlobalSection
EndGlobal
